<Solution>
  <Folder Name="/API/">
    <Project Path="Applications/Applications.csproj" Id="04f926db-74d7-4557-97ed-89b67594342e" />
    <Project Path="Domains/Domains.csproj" Id="888aad62-6277-4b3a-97f2-6205f60c44af" />
    <Project Path="Infrastructures/Infrastructures.csproj" Id="ef8df0f6-985f-4670-b9a8-259c93db9f50" />
    <Project Path="Persistences/Persistences.csproj" Id="4116f9a2-b8c2-4deb-bf20-56493b135bd0" />
    <Project Path="RestAPI/Presentation.API.csproj" />
  </Folder>
  <Folder Name="/AsyncProgrammingConsole/">
    <Project Path="AsyncLessons/AsyncLessons.csproj" Id="520cd6d0-731b-4d1e-b56b-a727132d45b3" />
  </Folder>
  <Folder Name="/Learning/">
    <Project Path="LearningCsharp/LearningCsharp.csproj" Id="e909a961-b883-4ac3-a5c0-ae7862b710ba" />
  </Folder>
  <Folder Name="/Learning/Cache/">
    <Project Path="CacheLesson.API/CacheLesson.API.csproj" />
  </Folder>
  <Folder Name="/Learning/Docker/">
    <Project Path="AppDocker.API/AppDocker.API.csproj" />
    <Project Path="AppDocker2.API/AppDocker2.API.csproj" />
    <Project Path="DockerCaching/DockerCaching.csproj" Id="6fdc49db-c4c5-4004-a41e-f3fb9f35f9b6" />
  </Folder>
  <Folder Name="/RabbitMQ/">
    <Project Path="RabbitMQApp.API/RabbitMQApp.API.csproj" />
    <Project Path="ServiceBusShared/ServiceBusShared.csproj" />
  </Folder>
  <Folder Name="/Solution Items/">
    <File Path="ReadMe.txt" />
  </Folder>
  <Project Path="docker-compose.dcproj">
    <Build />
  </Project>
  <Project Path="OguzhanHocaEgitim.AppHost/OguzhanHocaEgitim.AppHost.csproj" Id="d0309588-2bf4-4a33-9d92-c85063601d28" />
  <Project Path="OguzhanHocaEgitim.ServiceDefaults/OguzhanHocaEgitim.ServiceDefaults.csproj" />
  <Project Path="QueueSystemConsoleApp/QueueSystemConsoleApp.csproj" />
</Solution>
